
Microsoft Visual Studio Solution File, Format Version 12.00
# Visual Studio Version 17
VisualStudioVersion = 17.3.32929.385
MinimumVisualStudioVersion = 10.0.40219.1
Project("{FAE04EC0-301F-11D3-BF4B-00C04F79EFBC}") = "KnezDominikZavrsni", "KnezDominikZavrsni\KnezDominikZavrsni.csproj", "{ADBA7427-CA0C-4351-8437-5066C4DEDD86}"
EndProject
Global
	GlobalSection(SolutionConfigurationPlatforms) = preSolution
		Debug|Any CPU = Debug|Any CPU
		Release|Any CPU = Release|Any CPU
	EndGlobalSection
	GlobalSection(ProjectConfigurationPlatforms) = postSolution
		{ADBA7427-CA0C-4351-8437-5066C4DEDD86}.Debug|Any CPU.ActiveCfg = Debug|Any CPU
		{ADBA7427-CA0C-4351-8437-5066C4DEDD86}.Debug|Any CPU.Build.0 = Debug|Any CPU
		{ADBA7427-CA0C-4351-8437-5066C4DEDD86}.Release|Any CPU.ActiveCfg = Release|Any CPU
		{ADBA7427-CA0C-4351-8437-5066C4DEDD86}.Release|Any CPU.Build.0 = Release|Any CPU
	EndGlobalSection
	GlobalSection(SolutionProperties) = preSolution
		HideSolutionNode = FALSE
	EndGlobalSection
	GlobalSection(ExtensibilityGlobals) = postSolution
		SolutionGuid = {71F99EBD-8223-4E13-84D1-0FC643E676D1}
	EndGlobalSection
EndGlobal
